
Microsoft Visual Studio Solution File, Format Version 12.00
# Visual Studio Version 17
VisualStudioVersion = 17.0.32014.148
MinimumVisualStudioVersion = 10.0.40219.1
Project("{9A19103F-16F7-4668-BE54-9A1E7A4F7556}") = "TextReader", "TextReader\TextReader.csproj", "{A9D36058-54D7-4F43-9784-143CA37BCB2C}"
EndProject
Project("{9A19103F-16F7-4668-BE54-9A1E7A4F7556}") = "TextAnalyzerLib", "TextAnalyzerLib\TextAnalyzerLib.csproj", "{9B1698FD-40F1-44FF-B77D-4B9CC07910D7}"
EndProject
Project("{9A19103F-16F7-4668-BE54-9A1E7A4F7556}") = "WebTextAlyzer", "WebTextAlyzer\WebTextAlyzer.csproj", "{11F52771-5005-40D2-9E64-D258CF116BF2}"
EndProject
Project("{FAE04EC0-301F-11D3-BF4B-00C04F79EFBC}") = "CommonLibrary", "CommonLibrary\CommonLibrary.csproj", "{6C6C88D4-61DE-4235-9D14-D957A0A41CFB}"
EndProject
Global
	GlobalSection(SolutionConfigurationPlatforms) = preSolution
		Debug|Any CPU = Debug|Any CPU
		Release|Any CPU = Release|Any CPU
	EndGlobalSection
	GlobalSection(ProjectConfigurationPlatforms) = postSolution
		{A9D36058-54D7-4F43-9784-143CA37BCB2C}.Debug|Any CPU.ActiveCfg = Debug|Any CPU
		{A9D36058-54D7-4F43-9784-143CA37BCB2C}.Debug|Any CPU.Build.0 = Debug|Any CPU
		{A9D36058-54D7-4F43-9784-143CA37BCB2C}.Release|Any CPU.ActiveCfg = Release|Any CPU
		{A9D36058-54D7-4F43-9784-143CA37BCB2C}.Release|Any CPU.Build.0 = Release|Any CPU
		{9B1698FD-40F1-44FF-B77D-4B9CC07910D7}.Debug|Any CPU.ActiveCfg = Debug|Any CPU
		{9B1698FD-40F1-44FF-B77D-4B9CC07910D7}.Debug|Any CPU.Build.0 = Debug|Any CPU
		{9B1698FD-40F1-44FF-B77D-4B9CC07910D7}.Release|Any CPU.ActiveCfg = Release|Any CPU
		{9B1698FD-40F1-44FF-B77D-4B9CC07910D7}.Release|Any CPU.Build.0 = Release|Any CPU
		{11F52771-5005-40D2-9E64-D258CF116BF2}.Debug|Any CPU.ActiveCfg = Debug|Any CPU
		{11F52771-5005-40D2-9E64-D258CF116BF2}.Debug|Any CPU.Build.0 = Debug|Any CPU
		{11F52771-5005-40D2-9E64-D258CF116BF2}.Release|Any CPU.ActiveCfg = Release|Any CPU
		{11F52771-5005-40D2-9E64-D258CF116BF2}.Release|Any CPU.Build.0 = Release|Any CPU
		{6C6C88D4-61DE-4235-9D14-D957A0A41CFB}.Debug|Any CPU.ActiveCfg = Debug|Any CPU
		{6C6C88D4-61DE-4235-9D14-D957A0A41CFB}.Debug|Any CPU.Build.0 = Debug|Any CPU
		{6C6C88D4-61DE-4235-9D14-D957A0A41CFB}.Release|Any CPU.ActiveCfg = Release|Any CPU
		{6C6C88D4-61DE-4235-9D14-D957A0A41CFB}.Release|Any CPU.Build.0 = Release|Any CPU
	EndGlobalSection
	GlobalSection(SolutionProperties) = preSolution
		HideSolutionNode = FALSE
	EndGlobalSection
	GlobalSection(ExtensibilityGlobals) = postSolution
		SolutionGuid = {703D7EFF-18C9-4B16-9ECF-299E60A5EF25}
	EndGlobalSection
EndGlobal
